
Microsoft Visual Studio Solution File, Format Version 12.00
# Visual Studio 2012
Project("{FAE04EC0-301F-11D3-BF4B-00C04F79EFBC}") = "FizzBuzz", "FizzBuzz\FizzBuzz.csproj", "{6195C0B9-70DE-46F4-8AC9-002FC2CBD862}"
EndProject
Project("{FAE04EC0-301F-11D3-BF4B-00C04F79EFBC}") = "FizzBuzzTDD", "FizzBuzzTDD\FizzBuzzTDD.csproj", "{DA75FC03-9F2D-4504-8767-892E6EB10E99}"
EndProject
Project("{FAE04EC0-301F-11D3-BF4B-00C04F79EFBC}") = "FbProceederTests", "FizzBuzzTests\FbProceederTests.csproj", "{0798E8F9-5F9B-4FB4-ABDB-A0F180C4BEF6}"
EndProject
Project("{2150E333-8FDC-42A3-9474-1A3956D46DE8}") = ".nuget", ".nuget", "{A6838DB5-D623-41CC-A0B0-50023C748DB3}"
	ProjectSection(SolutionItems) = preProject
		.nuget\packages.config = .nuget\packages.config
	EndProjectSection
EndProject
Global
	GlobalSection(SolutionConfigurationPlatforms) = preSolution
		Debug|Any CPU = Debug|Any CPU
		Release|Any CPU = Release|Any CPU
	EndGlobalSection
	GlobalSection(ProjectConfigurationPlatforms) = postSolution
		{6195C0B9-70DE-46F4-8AC9-002FC2CBD862}.Debug|Any CPU.ActiveCfg = Debug|Any CPU
		{6195C0B9-70DE-46F4-8AC9-002FC2CBD862}.Debug|Any CPU.Build.0 = Debug|Any CPU
		{6195C0B9-70DE-46F4-8AC9-002FC2CBD862}.Release|Any CPU.ActiveCfg = Release|Any CPU
		{6195C0B9-70DE-46F4-8AC9-002FC2CBD862}.Release|Any CPU.Build.0 = Release|Any CPU
		{DA75FC03-9F2D-4504-8767-892E6EB10E99}.Debug|Any CPU.ActiveCfg = Debug|Any CPU
		{DA75FC03-9F2D-4504-8767-892E6EB10E99}.Debug|Any CPU.Build.0 = Debug|Any CPU
		{DA75FC03-9F2D-4504-8767-892E6EB10E99}.Release|Any CPU.ActiveCfg = Release|Any CPU
		{DA75FC03-9F2D-4504-8767-892E6EB10E99}.Release|Any CPU.Build.0 = Release|Any CPU
		{0798E8F9-5F9B-4FB4-ABDB-A0F180C4BEF6}.Debug|Any CPU.ActiveCfg = Debug|Any CPU
		{0798E8F9-5F9B-4FB4-ABDB-A0F180C4BEF6}.Debug|Any CPU.Build.0 = Debug|Any CPU
		{0798E8F9-5F9B-4FB4-ABDB-A0F180C4BEF6}.Release|Any CPU.ActiveCfg = Release|Any CPU
		{0798E8F9-5F9B-4FB4-ABDB-A0F180C4BEF6}.Release|Any CPU.Build.0 = Release|Any CPU
	EndGlobalSection
	GlobalSection(SolutionProperties) = preSolution
		HideSolutionNode = FALSE
	EndGlobalSection
EndGlobal
